{
    "_meta": {
        "hash": {
            "sha256": "329ee1e9da4929e0b460359d6d591879ba4b2c7a0c592958374c2eaca63432a4"
        },
        "pipfile-spec": 6,
        "requires": {
            "python_version": "3.9"
        },
        "sources": [
            {
                "name": "pypi",
                "url": "https://pypi.org/simple",
                "verify_ssl": true
            }
        ]
    },
    "default": {
        "pyserial": {
            "hashes": [
                "sha256:3c77e014170dfffbd816e6ffc205e9842efb10be9f58ec16d3e8675b4925cddb",
                "sha256:c4451db6ba391ca6ca299fb3ec7bae67a5c55dde170964c7a14ceefec02f2cf0"
            ],
            "index": "pypi",
            "version": "==3.5"
        },
        "pysimplegui": {
            "hashes": [
                "sha256:22efb6927edfb11dcfa6e0888480712401a63b4dd2aecc4bdd6bd3c95f0cc6b0",
                "sha256:7152c7b45924b7ac8c461df8b3bfd7e163c731565b3220f20781452f45b39263"
            ],
            "index": "pypi",
            "version": "==4.45.0"
        }
    },
    "develop": {}
}
